
Microsoft Visual Studio Solution File, Format Version 12.00
# Visual Studio Version 17
VisualStudioVersion = 17.6.33829.357
MinimumVisualStudioVersion = 10.0.40219.1
Project("{9A19103F-16F7-4668-BE54-9A1E7A4F7556}") = "Hebron", "..\..\Hebron\src\Hebron\Hebron.csproj", "{3577D4B5-0891-4A68-98CF-B21308589828}"
EndProject
Project("{9A19103F-16F7-4668-BE54-9A1E7A4F7556}") = "UfbxSharp.Generator", "UfbxSharp.Generator\UfbxSharp.Generator.csproj", "{EF1BCA12-B919-41D3-8E14-04A9A35918AE}"
EndProject
Global
	GlobalSection(SolutionConfigurationPlatforms) = preSolution
		Debug|Any CPU = Debug|Any CPU
		Release|Any CPU = Release|Any CPU
	EndGlobalSection
	GlobalSection(ProjectConfigurationPlatforms) = postSolution
		{3577D4B5-0891-4A68-98CF-B21308589828}.Debug|Any CPU.ActiveCfg = Debug|Any CPU
		{3577D4B5-0891-4A68-98CF-B21308589828}.Debug|Any CPU.Build.0 = Debug|Any CPU
		{3577D4B5-0891-4A68-98CF-B21308589828}.Release|Any CPU.ActiveCfg = Release|Any CPU
		{3577D4B5-0891-4A68-98CF-B21308589828}.Release|Any CPU.Build.0 = Release|Any CPU
		{EF1BCA12-B919-41D3-8E14-04A9A35918AE}.Debug|Any CPU.ActiveCfg = Debug|Any CPU
		{EF1BCA12-B919-41D3-8E14-04A9A35918AE}.Debug|Any CPU.Build.0 = Debug|Any CPU
		{EF1BCA12-B919-41D3-8E14-04A9A35918AE}.Release|Any CPU.ActiveCfg = Release|Any CPU
		{EF1BCA12-B919-41D3-8E14-04A9A35918AE}.Release|Any CPU.Build.0 = Release|Any CPU
	EndGlobalSection
	GlobalSection(SolutionProperties) = preSolution
		HideSolutionNode = FALSE
	EndGlobalSection
	GlobalSection(ExtensibilityGlobals) = postSolution
		SolutionGuid = {ACF4E34C-5E6B-44ED-AA80-A1C43BA55B85}
	EndGlobalSection
EndGlobal
